Microsoft Visual Studio Solution File, Format Version 11.00
# Visual Studio 2008

Project("{C74086A3-D9ED-50BF-767A-AA9B971EC34D}") = "Πτυχιακη (3D Gallery)", "Assembly-CSharp.csproj", "{C58F9420-1AA2-D398-9822-5492E2088E47}"
EndProject
Project("{C74086A3-D9ED-50BF-767A-AA9B971EC34D}") = "Πτυχιακη (3D Gallery)", "Assembly-CSharp-Editor.csproj", "{55E96317-964A-2021-4A83-B8CA666E0545}"
EndProject
Global
	GlobalSection(SolutionConfigurationPlatforms) = preSolution
		Debug|Any CPU = Debug|Any CPU
		Release|Any CPU = Release|Any CPU
	EndGlobalSection
	GlobalSection(ProjectConfigurationPlatforms) = postSolution
		{C58F9420-1AA2-D398-9822-5492E2088E47}.Debug|Any CPU.ActiveCfg = Debug|Any CPU
		{C58F9420-1AA2-D398-9822-5492E2088E47}.Debug|Any CPU.Build.0 = Debug|Any CPU
		{C58F9420-1AA2-D398-9822-5492E2088E47}.Release|Any CPU.ActiveCfg = Release|Any CPU
		{C58F9420-1AA2-D398-9822-5492E2088E47}.Release|Any CPU.Build.0 = Release|Any CPU
		{55E96317-964A-2021-4A83-B8CA666E0545}.Debug|Any CPU.ActiveCfg = Debug|Any CPU
		{55E96317-964A-2021-4A83-B8CA666E0545}.Debug|Any CPU.Build.0 = Debug|Any CPU
		{55E96317-964A-2021-4A83-B8CA666E0545}.Release|Any CPU.ActiveCfg = Release|Any CPU
		{55E96317-964A-2021-4A83-B8CA666E0545}.Release|Any CPU.Build.0 = Release|Any CPU
	EndGlobalSection
	GlobalSection(SolutionProperties) = preSolution
		HideSolutionNode = FALSE
	EndGlobalSection
	GlobalSection(MonoDevelopProperties) = preSolution
		StartupItem = Assembly-CSharp.csproj
	EndGlobalSection
EndGlobal
